
Microsoft Visual Studio Solution File, Format Version 12.00
# Visual Studio 14
VisualStudioVersion = 14.0.25123.0
MinimumVisualStudioVersion = 10.0.40219.1
Project("{FAE04EC0-301F-11D3-BF4B-00C04F79EFBC}") = "PaoPic", "PaoPic\PaoPic.csproj", "{71626A9E-3CEC-47C8-9D17-86D8F66607B1}"
EndProject
Project("{FAE04EC0-301F-11D3-BF4B-00C04F79EFBC}") = "MastoNet", "LiplisMasto\MastoNet.csproj", "{9DB69CCC-77A3-457F-8DA6-5369B41439C9}"
EndProject
Global
	GlobalSection(SolutionConfigurationPlatforms) = preSolution
		Debug|Any CPU = Debug|Any CPU
		Release|Any CPU = Release|Any CPU
	EndGlobalSection
	GlobalSection(ProjectConfigurationPlatforms) = postSolution
		{71626A9E-3CEC-47C8-9D17-86D8F66607B1}.Debug|Any CPU.ActiveCfg = Debug|Any CPU
		{71626A9E-3CEC-47C8-9D17-86D8F66607B1}.Debug|Any CPU.Build.0 = Debug|Any CPU
		{71626A9E-3CEC-47C8-9D17-86D8F66607B1}.Release|Any CPU.ActiveCfg = Release|Any CPU
		{71626A9E-3CEC-47C8-9D17-86D8F66607B1}.Release|Any CPU.Build.0 = Release|Any CPU
		{9DB69CCC-77A3-457F-8DA6-5369B41439C9}.Debug|Any CPU.ActiveCfg = Debug|Any CPU
		{9DB69CCC-77A3-457F-8DA6-5369B41439C9}.Debug|Any CPU.Build.0 = Debug|Any CPU
		{9DB69CCC-77A3-457F-8DA6-5369B41439C9}.Release|Any CPU.ActiveCfg = Release|Any CPU
		{9DB69CCC-77A3-457F-8DA6-5369B41439C9}.Release|Any CPU.Build.0 = Release|Any CPU
	EndGlobalSection
	GlobalSection(SolutionProperties) = preSolution
		HideSolutionNode = FALSE
	EndGlobalSection
EndGlobal
